
Microsoft Visual Studio Solution File, Format Version 12.00
# Visual Studio Version 16
VisualStudioVersion = 16.0.31729.503
MinimumVisualStudioVersion = 10.0.40219.1
Project("{FAE04EC0-301F-11D3-BF4B-00C04F79EFBC}") = "AuthServer.API", "AuthServer.API\AuthServer.API.csproj", "{E276C2A9-60BA-4B73-8B0C-E047B532C433}"
EndProject
Project("{FAE04EC0-301F-11D3-BF4B-00C04F79EFBC}") = "AuthServer.Core", "AuthServer.Core\AuthServer.Core.csproj", "{13E14449-DC52-47CD-A5B0-062753B08A6B}"
EndProject
Project("{FAE04EC0-301F-11D3-BF4B-00C04F79EFBC}") = "AuthServer.Data", "AuthServer.Data\AuthServer.Data.csproj", "{A2B71BE5-3C36-4CCA-A56B-7EC1A621D358}"
EndProject
Project("{FAE04EC0-301F-11D3-BF4B-00C04F79EFBC}") = "AuthServer.Service", "AuthServer.Service\AuthServer.Service.csproj", "{D62C94A7-FDC6-42BA-B6E6-D92013A8F728}"
EndProject
Project("{FAE04EC0-301F-11D3-BF4B-00C04F79EFBC}") = "Sample1API", "Sample1API\Sample1API.csproj", "{0A819782-80A7-4ADC-A4C6-31B77E3AE0B1}"
EndProject
Project("{FAE04EC0-301F-11D3-BF4B-00C04F79EFBC}") = "Sample2API", "Sample2API\Sample2API.csproj", "{073A6A85-E1E5-4736-9CFD-04A467CF2678}"
EndProject
Project("{FAE04EC0-301F-11D3-BF4B-00C04F79EFBC}") = "Sample3NoUserAPI", "Sample3NoUserAPI\Sample3NoUserAPI.csproj", "{6FF39CC9-8F47-41FD-B48F-B9DE7342D710}"
EndProject
Project("{FAE04EC0-301F-11D3-BF4B-00C04F79EFBC}") = "SharedLibrary", "SharedLibrary\SharedLibrary.csproj", "{B1083014-B844-4980-9F15-B030BAEF5F4B}"
EndProject
Global
	GlobalSection(SolutionConfigurationPlatforms) = preSolution
		Debug|Any CPU = Debug|Any CPU
		Release|Any CPU = Release|Any CPU
	EndGlobalSection
	GlobalSection(ProjectConfigurationPlatforms) = postSolution
		{E276C2A9-60BA-4B73-8B0C-E047B532C433}.Debug|Any CPU.ActiveCfg = Debug|Any CPU
		{E276C2A9-60BA-4B73-8B0C-E047B532C433}.Debug|Any CPU.Build.0 = Debug|Any CPU
		{E276C2A9-60BA-4B73-8B0C-E047B532C433}.Release|Any CPU.ActiveCfg = Release|Any CPU
		{E276C2A9-60BA-4B73-8B0C-E047B532C433}.Release|Any CPU.Build.0 = Release|Any CPU
		{13E14449-DC52-47CD-A5B0-062753B08A6B}.Debug|Any CPU.ActiveCfg = Debug|Any CPU
		{13E14449-DC52-47CD-A5B0-062753B08A6B}.Debug|Any CPU.Build.0 = Debug|Any CPU
		{13E14449-DC52-47CD-A5B0-062753B08A6B}.Release|Any CPU.ActiveCfg = Release|Any CPU
		{13E14449-DC52-47CD-A5B0-062753B08A6B}.Release|Any CPU.Build.0 = Release|Any CPU
		{A2B71BE5-3C36-4CCA-A56B-7EC1A621D358}.Debug|Any CPU.ActiveCfg = Debug|Any CPU
		{A2B71BE5-3C36-4CCA-A56B-7EC1A621D358}.Debug|Any CPU.Build.0 = Debug|Any CPU
		{A2B71BE5-3C36-4CCA-A56B-7EC1A621D358}.Release|Any CPU.ActiveCfg = Release|Any CPU
		{A2B71BE5-3C36-4CCA-A56B-7EC1A621D358}.Release|Any CPU.Build.0 = Release|Any CPU
		{D62C94A7-FDC6-42BA-B6E6-D92013A8F728}.Debug|Any CPU.ActiveCfg = Debug|Any CPU
		{D62C94A7-FDC6-42BA-B6E6-D92013A8F728}.Debug|Any CPU.Build.0 = Debug|Any CPU
		{D62C94A7-FDC6-42BA-B6E6-D92013A8F728}.Release|Any CPU.ActiveCfg = Release|Any CPU
		{D62C94A7-FDC6-42BA-B6E6-D92013A8F728}.Release|Any CPU.Build.0 = Release|Any CPU
		{0A819782-80A7-4ADC-A4C6-31B77E3AE0B1}.Debug|Any CPU.ActiveCfg = Debug|Any CPU
		{0A819782-80A7-4ADC-A4C6-31B77E3AE0B1}.Debug|Any CPU.Build.0 = Debug|Any CPU
		{0A819782-80A7-4ADC-A4C6-31B77E3AE0B1}.Release|Any CPU.ActiveCfg = Release|Any CPU
		{0A819782-80A7-4ADC-A4C6-31B77E3AE0B1}.Release|Any CPU.Build.0 = Release|Any CPU
		{073A6A85-E1E5-4736-9CFD-04A467CF2678}.Debug|Any CPU.ActiveCfg = Debug|Any CPU
		{073A6A85-E1E5-4736-9CFD-04A467CF2678}.Debug|Any CPU.Build.0 = Debug|Any CPU
		{073A6A85-E1E5-4736-9CFD-04A467CF2678}.Release|Any CPU.ActiveCfg = Release|Any CPU
		{073A6A85-E1E5-4736-9CFD-04A467CF2678}.Release|Any CPU.Build.0 = Release|Any CPU
		{6FF39CC9-8F47-41FD-B48F-B9DE7342D710}.Debug|Any CPU.ActiveCfg = Debug|Any CPU
		{6FF39CC9-8F47-41FD-B48F-B9DE7342D710}.Debug|Any CPU.Build.0 = Debug|Any CPU
		{6FF39CC9-8F47-41FD-B48F-B9DE7342D710}.Release|Any CPU.ActiveCfg = Release|Any CPU
		{6FF39CC9-8F47-41FD-B48F-B9DE7342D710}.Release|Any CPU.Build.0 = Release|Any CPU
		{B1083014-B844-4980-9F15-B030BAEF5F4B}.Debug|Any CPU.ActiveCfg = Debug|Any CPU
		{B1083014-B844-4980-9F15-B030BAEF5F4B}.Debug|Any CPU.Build.0 = Debug|Any CPU
		{B1083014-B844-4980-9F15-B030BAEF5F4B}.Release|Any CPU.ActiveCfg = Release|Any CPU
		{B1083014-B844-4980-9F15-B030BAEF5F4B}.Release|Any CPU.Build.0 = Release|Any CPU
	EndGlobalSection
	GlobalSection(SolutionProperties) = preSolution
		HideSolutionNode = FALSE
	EndGlobalSection
	GlobalSection(ExtensibilityGlobals) = postSolution
		SolutionGuid = {13837EE9-DE81-4A47-9650-FADC0AE8212E}
	EndGlobalSection
EndGlobal
